
Microsoft Visual Studio Solution File, Format Version 12.00
# Visual Studio Express 2013 for Web
VisualStudioVersion = 12.0.21005.1
MinimumVisualStudioVersion = 10.0.40219.1
Project("{E24C65DC-7377-472B-9ABA-BC803B73C61A}") = "GoldfishorElephant", "http://localhost:56230", "{2901BC6E-DD44-4A69-ACAF-7FEFB9202A2C}"
	ProjectSection(WebsiteProperties) = preProject
		UseIISExpress = "true"
		TargetFrameworkMoniker = ".NETFramework,Version%3Dv4.5"
		Debug.AspNetCompiler.VirtualPath = "/localhost_56230"
		Debug.AspNetCompiler.PhysicalPath = "GoldfishorElephant\"
		Debug.AspNetCompiler.TargetPath = "PrecompiledWeb\localhost_56230\"
		Debug.AspNetCompiler.Updateable = "true"
		Debug.AspNetCompiler.ForceOverwrite = "true"
		Debug.AspNetCompiler.FixedNames = "false"
		Debug.AspNetCompiler.Debug = "True"
		Release.AspNetCompiler.VirtualPath = "/localhost_56230"
		Release.AspNetCompiler.PhysicalPath = "GoldfishorElephant\"
		Release.AspNetCompiler.TargetPath = "PrecompiledWeb\localhost_56230\"
		Release.AspNetCompiler.Updateable = "true"
		Release.AspNetCompiler.ForceOverwrite = "true"
		Release.AspNetCompiler.FixedNames = "false"
		Release.AspNetCompiler.Debug = "False"
		SlnRelativePath = "GoldfishorElephant\"
	EndProjectSection
EndProject
Project("{E24C65DC-7377-472B-9ABA-BC803B73C61A}") = "JqueryCalendar", "http://localhost:58298", "{4926E760-445F-421F-A632-F5F05AEB83D4}"
	ProjectSection(WebsiteProperties) = preProject
		UseIISExpress = "true"
		TargetFrameworkMoniker = ".NETFramework,Version%3Dv4.0"
		Debug.AspNetCompiler.VirtualPath = "/localhost_58298"
		Debug.AspNetCompiler.PhysicalPath = "JqueryCalendar\"
		Debug.AspNetCompiler.TargetPath = "PrecompiledWeb\localhost_58298\"
		Debug.AspNetCompiler.Updateable = "true"
		Debug.AspNetCompiler.ForceOverwrite = "true"
		Debug.AspNetCompiler.FixedNames = "false"
		Debug.AspNetCompiler.Debug = "True"
		Release.AspNetCompiler.VirtualPath = "/localhost_58298"
		Release.AspNetCompiler.PhysicalPath = "JqueryCalendar\"
		Release.AspNetCompiler.TargetPath = "PrecompiledWeb\localhost_58298\"
		Release.AspNetCompiler.Updateable = "true"
		Release.AspNetCompiler.ForceOverwrite = "true"
		Release.AspNetCompiler.FixedNames = "false"
		Release.AspNetCompiler.Debug = "False"
		SlnRelativePath = "JqueryCalendar\"
	EndProjectSection
EndProject
Project("{FAE04EC0-301F-11D3-BF4B-00C04F79EFBC}") = "ChatApp", "ChatApp\ChatApp.csproj", "{9158A1DE-8B00-4B74-A69B-7C6F81CBD2EE}"
EndProject
Project("{FAE04EC0-301F-11D3-BF4B-00C04F79EFBC}") = "SportStore.WebUI", "..\SportStore\SportStore.WebUI\SportStore.WebUI.csproj", "{BE352913-2FDB-4E63-B940-0413DC01A5A1}"
EndProject
Global
	GlobalSection(SolutionConfigurationPlatforms) = preSolution
		Debug|Any CPU = Debug|Any CPU
		Release|Any CPU = Release|Any CPU
	EndGlobalSection
	GlobalSection(ProjectConfigurationPlatforms) = postSolution
		{2901BC6E-DD44-4A69-ACAF-7FEFB9202A2C}.Debug|Any CPU.ActiveCfg = Debug|Any CPU
		{2901BC6E-DD44-4A69-ACAF-7FEFB9202A2C}.Debug|Any CPU.Build.0 = Debug|Any CPU
		{2901BC6E-DD44-4A69-ACAF-7FEFB9202A2C}.Release|Any CPU.ActiveCfg = Debug|Any CPU
		{2901BC6E-DD44-4A69-ACAF-7FEFB9202A2C}.Release|Any CPU.Build.0 = Debug|Any CPU
		{4926E760-445F-421F-A632-F5F05AEB83D4}.Debug|Any CPU.ActiveCfg = Debug|Any CPU
		{4926E760-445F-421F-A632-F5F05AEB83D4}.Debug|Any CPU.Build.0 = Debug|Any CPU
		{4926E760-445F-421F-A632-F5F05AEB83D4}.Release|Any CPU.ActiveCfg = Debug|Any CPU
		{4926E760-445F-421F-A632-F5F05AEB83D4}.Release|Any CPU.Build.0 = Debug|Any CPU
		{9158A1DE-8B00-4B74-A69B-7C6F81CBD2EE}.Debug|Any CPU.ActiveCfg = Debug|Any CPU
		{9158A1DE-8B00-4B74-A69B-7C6F81CBD2EE}.Debug|Any CPU.Build.0 = Debug|Any CPU
		{9158A1DE-8B00-4B74-A69B-7C6F81CBD2EE}.Release|Any CPU.ActiveCfg = Release|Any CPU
		{9158A1DE-8B00-4B74-A69B-7C6F81CBD2EE}.Release|Any CPU.Build.0 = Release|Any CPU
		{BE352913-2FDB-4E63-B940-0413DC01A5A1}.Debug|Any CPU.ActiveCfg = Debug|Any CPU
		{BE352913-2FDB-4E63-B940-0413DC01A5A1}.Debug|Any CPU.Build.0 = Debug|Any CPU
		{BE352913-2FDB-4E63-B940-0413DC01A5A1}.Release|Any CPU.ActiveCfg = Release|Any CPU
		{BE352913-2FDB-4E63-B940-0413DC01A5A1}.Release|Any CPU.Build.0 = Release|Any CPU
	EndGlobalSection
	GlobalSection(SolutionProperties) = preSolution
		HideSolutionNode = FALSE
	EndGlobalSection
EndGlobal
